
Microsoft Visual Studio Solution File, Format Version 12.00
# Visual Studio Version 17
VisualStudioVersion = 17.0.32014.148
MinimumVisualStudioVersion = 10.0.40219.1
Project("{FAE04EC0-301F-11D3-BF4B-00C04F79EFBC}") = "Summa tai erotus", "Summa tai erotus.csproj", "{BF9313F9-7A07-495A-9B9D-192FBC181574}"
EndProject
Global
	GlobalSection(SolutionConfigurationPlatforms) = preSolution
		Debug|Any CPU = Debug|Any CPU
		Release|Any CPU = Release|Any CPU
	EndGlobalSection
	GlobalSection(ProjectConfigurationPlatforms) = postSolution
		{BF9313F9-7A07-495A-9B9D-192FBC181574}.Debug|Any CPU.ActiveCfg = Debug|Any CPU
		{BF9313F9-7A07-495A-9B9D-192FBC181574}.Debug|Any CPU.Build.0 = Debug|Any CPU
		{BF9313F9-7A07-495A-9B9D-192FBC181574}.Release|Any CPU.ActiveCfg = Release|Any CPU
		{BF9313F9-7A07-495A-9B9D-192FBC181574}.Release|Any CPU.Build.0 = Release|Any CPU
	EndGlobalSection
	GlobalSection(SolutionProperties) = preSolution
		HideSolutionNode = FALSE
	EndGlobalSection
	GlobalSection(ExtensibilityGlobals) = postSolution
		SolutionGuid = {7A5D94FE-4868-4008-AAF1-8A41F151A6E4}
	EndGlobalSection
EndGlobal
